PODS:
  - Firebase/Core (4.7.0):
    - FirebaseAnalytics (= 4.0.5)
    - FirebaseCore (= 4.0.12)
  - FirebaseAnalytics (4.0.5):
    - FirebaseCore (~> 4.0)
    - FirebaseInstanceID (~> 2.0)
    - GoogleToolboxForMac/NSData+zlib (~> 2.1)
    - nanopb (~> 0.3)
  - FirebaseCore (4.0.12):
    - GoogleToolboxForMac/NSData+zlib (~> 2.1)
  - FirebaseInstanceID (2.0.7)
  - GoogleToolboxForMac/Defines (2.1.3)
  - GoogleToolboxForMac/NSData+zlib (2.1.3):
    - GoogleToolboxForMac/Defines (= 2.1.3)
  - Hero (1.0.1)
  - iCarousel (1.8.3)
  - Mixpanel-swift (2.3.0):
    - Mixpanel-swift/Complete (= 2.3.0)
  - Mixpanel-swift/Complete (2.3.0)
  - nanopb (0.3.8):
    - nanopb/decode (= 0.3.8)
    - nanopb/encode (= 0.3.8)
  - nanopb/decode (0.3.8)
  - nanopb/encode (0.3.8)
  - SwiftDate (4.5.1)
  - SwifterSwift (4.1.0):
    - SwifterSwift/AppKit (= 4.1.0)
    - SwifterSwift/CoreGraphics (= 4.1.0)
    - SwifterSwift/CoreLocation (= 4.1.0)
    - SwifterSwift/Foundation (= 4.1.0)
    - SwifterSwift/SwiftStdlib (= 4.1.0)
    - SwifterSwift/UIKit (= 4.1.0)
  - SwifterSwift/AppKit (4.1.0)
  - SwifterSwift/CoreGraphics (4.1.0)
  - SwifterSwift/CoreLocation (4.1.0)
  - SwifterSwift/Foundation (4.1.0)
  - SwifterSwift/SwiftStdlib (4.1.0)
  - SwifterSwift/UIKit (4.1.0)
  - Swinject (2.1.1)
  - SwinjectStoryboard (1.1.2):
    - Swinject (~> 2.1)

DEPENDENCIES:
  - Firebase/Core
  - Hero
  - iCarousel
  - Mixpanel-swift
  - SwiftDate
  - SwifterSwift
  - Swinject
  - SwinjectStoryboard

SPEC CHECKSUMS:
  Firebase: dbfb98ccec2dcfcd21ab9cc1b4981a3f3c8c5e26
  FirebaseAnalytics: 5b02a63ead2c3f0259cfc7f15e053e440587ecf8
  FirebaseCore: 6cf108b63997bc08c04a1ffa55a3ac0d71a59ffc
  FirebaseInstanceID: 148c25c986c8699e67304b114e365713dce467f2
  GoogleToolboxForMac: 2501e2ad72a52eb3dfe7bd9aee7dad11b858bd20
  Hero: cee286821578e170d8c0c9c9cda7897357401112
  iCarousel: d782f635afac190c49bb8ee455882284cff8b85f
  Mixpanel-swift: 9b0af868125d06db8476361429f0f404c81959dd
  nanopb: 5601e6bca2dbf1ed831b519092ec110f66982ca3
  SwiftDate: 7b56d42a221f582047287deb256b23fc5ed49a60
  SwifterSwift: 4d962b5d653760b85266832aff6ab6d08c1b7974
  Swinject: afea49fd95f392b41171669f165842879c48fad6
  SwinjectStoryboard: 92e75763c3299cdf627bef98a5180dc894864336

PODFILE CHECKSUM: df39690939e0e0783b3e972ab64e4eb45c458d4c

COCOAPODS: 1.3.1
